
Microsoft Visual Studio Solution File, Format Version 12.00
# Visual Studio 15
VisualStudioVersion = 15.0.27130.2024
MinimumVisualStudioVersion = 10.0.40219.1
Project("{FAE04EC0-301F-11D3-BF4B-00C04F79EFBC}") = "PrizmerUpd", "PrizmerUpd\PrizmerUpd.csproj", "{3251842F-A66E-4F9E-B93F-A645189E8F85}"
EndProject
Global
	GlobalSection(SolutionConfigurationPlatforms) = preSolution
		Debug|Any CPU = Debug|Any CPU
		Release|Any CPU = Release|Any CPU
	EndGlobalSection
	GlobalSection(ProjectConfigurationPlatforms) = postSolution
		{3251842F-A66E-4F9E-B93F-A645189E8F85}.Debug|Any CPU.ActiveCfg = Debug|Any CPU
		{3251842F-A66E-4F9E-B93F-A645189E8F85}.Debug|Any CPU.Build.0 = Debug|Any CPU
		{3251842F-A66E-4F9E-B93F-A645189E8F85}.Release|Any CPU.ActiveCfg = Release|Any CPU
		{3251842F-A66E-4F9E-B93F-A645189E8F85}.Release|Any CPU.Build.0 = Release|Any CPU
	EndGlobalSection
	GlobalSection(SolutionProperties) = preSolution
		HideSolutionNode = FALSE
	EndGlobalSection
	GlobalSection(ExtensibilityGlobals) = postSolution
		SolutionGuid = {3EF4D80B-1D64-4083-BEE5-7E41C36771B5}
	EndGlobalSection
EndGlobal
